
Microsoft Visual Studio Solution File, Format Version 12.00
# Visual Studio Version 17
VisualStudioVersion = 17.11.35312.102
MinimumVisualStudioVersion = 10.0.40219.1
Project("{FAE04EC0-301F-11D3-BF4B-00C04F79EFBC}") = "tolstov_pz2", "tolstov_pz2\tolstov_pz2.csproj", "{22E45AC5-085D-4AC1-B955-D2545BBAB099}"
EndProject
Global
	GlobalSection(SolutionConfigurationPlatforms) = preSolution
		Debug|Any CPU = Debug|Any CPU
		Release|Any CPU = Release|Any CPU
	EndGlobalSection
	GlobalSection(ProjectConfigurationPlatforms) = postSolution
		{22E45AC5-085D-4AC1-B955-D2545BBAB099}.Debug|Any CPU.ActiveCfg = Debug|Any CPU
		{22E45AC5-085D-4AC1-B955-D2545BBAB099}.Debug|Any CPU.Build.0 = Debug|Any CPU
		{22E45AC5-085D-4AC1-B955-D2545BBAB099}.Release|Any CPU.ActiveCfg = Release|Any CPU
		{22E45AC5-085D-4AC1-B955-D2545BBAB099}.Release|Any CPU.Build.0 = Release|Any CPU
	EndGlobalSection
	GlobalSection(SolutionProperties) = preSolution
		HideSolutionNode = FALSE
	EndGlobalSection
	GlobalSection(ExtensibilityGlobals) = postSolution
		SolutionGuid = {D0460535-D0AF-4D50-9CA5-AC6A0A5A137A}
	EndGlobalSection
EndGlobal
